
Microsoft Visual Studio Solution File, Format Version 12.00
# Visual Studio 15
VisualStudioVersion = 15.0.28307.705
MinimumVisualStudioVersion = 10.0.40219.1
Project("{FAE04EC0-301F-11D3-BF4B-00C04F79EFBC}") = "ZolikyWeb", "ZolikyWeb\ZolikyWeb.csproj", "{EA65D859-A668-46ED-B397-BB7958593723}"
EndProject
Project("{2150E333-8FDC-42A3-9474-1A3956D46DE8}") = "Websites", "Websites", "{044B71A6-2B77-4FCC-A65A-7A57217B9265}"
EndProject
Project("{9A19103F-16F7-4668-BE54-9A1E7A4F7556}") = "SharedLibrary", "SharedLibrary\SharedLibrary.csproj", "{8EAC63ED-4101-4702-AF9A-2C0566655F0A}"
EndProject
Project("{FAE04EC0-301F-11D3-BF4B-00C04F79EFBC}") = "DataAccess", "DataAccess\DataAccess.csproj", "{C8CE6B0A-0682-40EB-B533-6A140AB25216}"
EndProject
Project("{9A19103F-16F7-4668-BE54-9A1E7A4F7556}") = "SharedApi", "SharedApi\SharedApi.csproj", "{C455F2C4-E10C-48C8-BAD0-5B319C1F3C3D}"
EndProject
Project("{FAE04EC0-301F-11D3-BF4B-00C04F79EFBC}") = "API", "API\API.csproj", "{1FEC705D-6FEE-4A4E-8716-6981920501E6}"
EndProject
Project("{2150E333-8FDC-42A3-9474-1A3956D46DE8}") = "Students", "Students", "{E0B8C6C3-86A3-45A9-89B6-9732B29AADA0}"
EndProject
Project("{FAE04EC0-301F-11D3-BF4B-00C04F79EFBC}") = "ZolikyUWP", "ZolikyUWP\ZolikyUWP.csproj", "{4EC20CD7-4DBE-45CA-AED6-E62E086B3F2B}"
EndProject
Project("{2150E333-8FDC-42A3-9474-1A3956D46DE8}") = "Teachers", "Teachers", "{527901BA-FDA0-46C9-B36C-23623F53159B}"
EndProject
Project("{FAE04EC0-301F-11D3-BF4B-00C04F79EFBC}") = "ZolikyWPF", "ZolikDistributorWPF\ZolikyWPF.csproj", "{07A2CC83-319C-414A-B4CC-549347B12AAE}"
EndProject
Project("{2150E333-8FDC-42A3-9474-1A3956D46DE8}") = "Administrators", "Administrators", "{FC6B8AE4-B5DB-40D0-9321-2A44B3D39ED8}"
EndProject
Project("{FAE04EC0-301F-11D3-BF4B-00C04F79EFBC}") = "RolesEditor", "RolesEditorWPF\RolesEditor.csproj", "{AAE7D97B-8EBD-45AF-B846-87F2B3807545}"
EndProject
Project("{2150E333-8FDC-42A3-9474-1A3956D46DE8}") = "Libraries", "Libraries", "{F4B74028-0E68-45CD-83D0-8D35466B5FA7}"
EndProject
Project("{9A19103F-16F7-4668-BE54-9A1E7A4F7556}") = "ApiGraphQL", "ApiGraphQL\ApiGraphQL.csproj", "{A71FF2AB-696A-4A77-8DF2-2034C38332EA}"
EndProject
Global
	GlobalSection(SolutionConfigurationPlatforms) = preSolution
		Debug|Any CPU = Debug|Any CPU
		Debug|ARM = Debug|ARM
		Debug|x64 = Debug|x64
		Debug|x86 = Debug|x86
		Release|Any CPU = Release|Any CPU
		Release|ARM = Release|ARM
		Release|x64 = Release|x64
		Release|x86 = Release|x86
	EndGlobalSection
	GlobalSection(ProjectConfigurationPlatforms) = postSolution
		{EA65D859-A668-46ED-B397-BB7958593723}.Debug|Any CPU.ActiveCfg = Debug|Any CPU
		{EA65D859-A668-46ED-B397-BB7958593723}.Debug|Any CPU.Build.0 = Debug|Any CPU
		{EA65D859-A668-46ED-B397-BB7958593723}.Debug|ARM.ActiveCfg = Debug|Any CPU
		{EA65D859-A668-46ED-B397-BB7958593723}.Debug|ARM.Build.0 = Debug|Any CPU
		{EA65D859-A668-46ED-B397-BB7958593723}.Debug|x64.ActiveCfg = Debug|Any CPU
		{EA65D859-A668-46ED-B397-BB7958593723}.Debug|x64.Build.0 = Debug|Any CPU
		{EA65D859-A668-46ED-B397-BB7958593723}.Debug|x86.ActiveCfg = Debug|Any CPU
		{EA65D859-A668-46ED-B397-BB7958593723}.Debug|x86.Build.0 = Debug|Any CPU
		{EA65D859-A668-46ED-B397-BB7958593723}.Release|Any CPU.ActiveCfg = Release|Any CPU
		{EA65D859-A668-46ED-B397-BB7958593723}.Release|Any CPU.Build.0 = Release|Any CPU
		{EA65D859-A668-46ED-B397-BB7958593723}.Release|ARM.ActiveCfg = Release|Any CPU
		{EA65D859-A668-46ED-B397-BB7958593723}.Release|ARM.Build.0 = Release|Any CPU
		{EA65D859-A668-46ED-B397-BB7958593723}.Release|x64.ActiveCfg = Release|Any CPU
		{EA65D859-A668-46ED-B397-BB7958593723}.Release|x64.Build.0 = Release|Any CPU
		{EA65D859-A668-46ED-B397-BB7958593723}.Release|x86.ActiveCfg = Release|Any CPU
		{EA65D859-A668-46ED-B397-BB7958593723}.Release|x86.Build.0 = Release|Any CPU
		{8EAC63ED-4101-4702-AF9A-2C0566655F0A}.Debug|Any CPU.ActiveCfg = Debug|Any CPU
		{8EAC63ED-4101-4702-AF9A-2C0566655F0A}.Debug|Any CPU.Build.0 = Debug|Any CPU
		{8EAC63ED-4101-4702-AF9A-2C0566655F0A}.Debug|ARM.ActiveCfg = Debug|Any CPU
		{8EAC63ED-4101-4702-AF9A-2C0566655F0A}.Debug|ARM.Build.0 = Debug|Any CPU
		{8EAC63ED-4101-4702-AF9A-2C0566655F0A}.Debug|x64.ActiveCfg = Debug|Any CPU
		{8EAC63ED-4101-4702-AF9A-2C0566655F0A}.Debug|x64.Build.0 = Debug|Any CPU
		{8EAC63ED-4101-4702-AF9A-2C0566655F0A}.Debug|x86.ActiveCfg = Debug|Any CPU
		{8EAC63ED-4101-4702-AF9A-2C0566655F0A}.Debug|x86.Build.0 = Debug|Any CPU
		{8EAC63ED-4101-4702-AF9A-2C0566655F0A}.Release|Any CPU.ActiveCfg = Release|Any CPU
		{8EAC63ED-4101-4702-AF9A-2C0566655F0A}.Release|Any CPU.Build.0 = Release|Any CPU
		{8EAC63ED-4101-4702-AF9A-2C0566655F0A}.Release|ARM.ActiveCfg = Release|Any CPU
		{8EAC63ED-4101-4702-AF9A-2C0566655F0A}.Release|ARM.Build.0 = Release|Any CPU
		{8EAC63ED-4101-4702-AF9A-2C0566655F0A}.Release|x64.ActiveCfg = Release|Any CPU
		{8EAC63ED-4101-4702-AF9A-2C0566655F0A}.Release|x64.Build.0 = Release|Any CPU
		{8EAC63ED-4101-4702-AF9A-2C0566655F0A}.Release|x86.ActiveCfg = Release|Any CPU
		{8EAC63ED-4101-4702-AF9A-2C0566655F0A}.Release|x86.Build.0 = Release|Any CPU
		{C8CE6B0A-0682-40EB-B533-6A140AB25216}.Debug|Any CPU.ActiveCfg = Debug|Any CPU
		{C8CE6B0A-0682-40EB-B533-6A140AB25216}.Debug|Any CPU.Build.0 = Debug|Any CPU
		{C8CE6B0A-0682-40EB-B533-6A140AB25216}.Debug|ARM.ActiveCfg = Debug|Any CPU
		{C8CE6B0A-0682-40EB-B533-6A140AB25216}.Debug|ARM.Build.0 = Debug|Any CPU
		{C8CE6B0A-0682-40EB-B533-6A140AB25216}.Debug|x64.ActiveCfg = Debug|Any CPU
		{C8CE6B0A-0682-40EB-B533-6A140AB25216}.Debug|x64.Build.0 = Debug|Any CPU
		{C8CE6B0A-0682-40EB-B533-6A140AB25216}.Debug|x86.ActiveCfg = Debug|Any CPU
		{C8CE6B0A-0682-40EB-B533-6A140AB25216}.Debug|x86.Build.0 = Debug|Any CPU
		{C8CE6B0A-0682-40EB-B533-6A140AB25216}.Release|Any CPU.ActiveCfg = Release|Any CPU
		{C8CE6B0A-0682-40EB-B533-6A140AB25216}.Release|Any CPU.Build.0 = Release|Any CPU
		{C8CE6B0A-0682-40EB-B533-6A140AB25216}.Release|ARM.ActiveCfg = Release|Any CPU
		{C8CE6B0A-0682-40EB-B533-6A140AB25216}.Release|ARM.Build.0 = Release|Any CPU
		{C8CE6B0A-0682-40EB-B533-6A140AB25216}.Release|x64.ActiveCfg = Release|Any CPU
		{C8CE6B0A-0682-40EB-B533-6A140AB25216}.Release|x64.Build.0 = Release|Any CPU
		{C8CE6B0A-0682-40EB-B533-6A140AB25216}.Release|x86.ActiveCfg = Release|Any CPU
		{C8CE6B0A-0682-40EB-B533-6A140AB25216}.Release|x86.Build.0 = Release|Any CPU
		{C455F2C4-E10C-48C8-BAD0-5B319C1F3C3D}.Debug|Any CPU.ActiveCfg = Debug|Any CPU
		{C455F2C4-E10C-48C8-BAD0-5B319C1F3C3D}.Debug|Any CPU.Build.0 = Debug|Any CPU
		{C455F2C4-E10C-48C8-BAD0-5B319C1F3C3D}.Debug|ARM.ActiveCfg = Debug|Any CPU
		{C455F2C4-E10C-48C8-BAD0-5B319C1F3C3D}.Debug|ARM.Build.0 = Debug|Any CPU
		{C455F2C4-E10C-48C8-BAD0-5B319C1F3C3D}.Debug|x64.ActiveCfg = Debug|Any CPU
		{C455F2C4-E10C-48C8-BAD0-5B319C1F3C3D}.Debug|x64.Build.0 = Debug|Any CPU
		{C455F2C4-E10C-48C8-BAD0-5B319C1F3C3D}.Debug|x86.ActiveCfg = Debug|Any CPU
		{C455F2C4-E10C-48C8-BAD0-5B319C1F3C3D}.Debug|x86.Build.0 = Debug|Any CPU
		{C455F2C4-E10C-48C8-BAD0-5B319C1F3C3D}.Release|Any CPU.ActiveCfg = Release|Any CPU
		{C455F2C4-E10C-48C8-BAD0-5B319C1F3C3D}.Release|Any CPU.Build.0 = Release|Any CPU
		{C455F2C4-E10C-48C8-BAD0-5B319C1F3C3D}.Release|ARM.ActiveCfg = Release|Any CPU
		{C455F2C4-E10C-48C8-BAD0-5B319C1F3C3D}.Release|ARM.Build.0 = Release|Any CPU
		{C455F2C4-E10C-48C8-BAD0-5B319C1F3C3D}.Release|x64.ActiveCfg = Release|Any CPU
		{C455F2C4-E10C-48C8-BAD0-5B319C1F3C3D}.Release|x64.Build.0 = Release|Any CPU
		{C455F2C4-E10C-48C8-BAD0-5B319C1F3C3D}.Release|x86.ActiveCfg = Release|Any CPU
		{C455F2C4-E10C-48C8-BAD0-5B319C1F3C3D}.Release|x86.Build.0 = Release|Any CPU
		{1FEC705D-6FEE-4A4E-8716-6981920501E6}.Debug|Any CPU.ActiveCfg = Debug|Any CPU
		{1FEC705D-6FEE-4A4E-8716-6981920501E6}.Debug|Any CPU.Build.0 = Debug|Any CPU
		{1FEC705D-6FEE-4A4E-8716-6981920501E6}.Debug|ARM.ActiveCfg = Debug|Any CPU
		{1FEC705D-6FEE-4A4E-8716-6981920501E6}.Debug|ARM.Build.0 = Debug|Any CPU
		{1FEC705D-6FEE-4A4E-8716-6981920501E6}.Debug|x64.ActiveCfg = Debug|Any CPU
		{1FEC705D-6FEE-4A4E-8716-6981920501E6}.Debug|x64.Build.0 = Debug|Any CPU
		{1FEC705D-6FEE-4A4E-8716-6981920501E6}.Debug|x86.ActiveCfg = Debug|Any CPU
		{1FEC705D-6FEE-4A4E-8716-6981920501E6}.Debug|x86.Build.0 = Debug|Any CPU
		{1FEC705D-6FEE-4A4E-8716-6981920501E6}.Release|Any CPU.ActiveCfg = Release|Any CPU
		{1FEC705D-6FEE-4A4E-8716-6981920501E6}.Release|Any CPU.Build.0 = Release|Any CPU
		{1FEC705D-6FEE-4A4E-8716-6981920501E6}.Release|ARM.ActiveCfg = Release|Any CPU
		{1FEC705D-6FEE-4A4E-8716-6981920501E6}.Release|ARM.Build.0 = Release|Any CPU
		{1FEC705D-6FEE-4A4E-8716-6981920501E6}.Release|x64.ActiveCfg = Release|Any CPU
		{1FEC705D-6FEE-4A4E-8716-6981920501E6}.Release|x64.Build.0 = Release|Any CPU
		{1FEC705D-6FEE-4A4E-8716-6981920501E6}.Release|x86.ActiveCfg = Release|Any CPU
		{1FEC705D-6FEE-4A4E-8716-6981920501E6}.Release|x86.Build.0 = Release|Any CPU
		{4EC20CD7-4DBE-45CA-AED6-E62E086B3F2B}.Debug|Any CPU.ActiveCfg = Debug|x86
		{4EC20CD7-4DBE-45CA-AED6-E62E086B3F2B}.Debug|ARM.ActiveCfg = Debug|ARM
		{4EC20CD7-4DBE-45CA-AED6-E62E086B3F2B}.Debug|ARM.Build.0 = Debug|ARM
		{4EC20CD7-4DBE-45CA-AED6-E62E086B3F2B}.Debug|ARM.Deploy.0 = Debug|ARM
		{4EC20CD7-4DBE-45CA-AED6-E62E086B3F2B}.Debug|x64.ActiveCfg = Debug|x64
		{4EC20CD7-4DBE-45CA-AED6-E62E086B3F2B}.Debug|x64.Build.0 = Debug|x64
		{4EC20CD7-4DBE-45CA-AED6-E62E086B3F2B}.Debug|x64.Deploy.0 = Debug|x64
		{4EC20CD7-4DBE-45CA-AED6-E62E086B3F2B}.Debug|x86.ActiveCfg = Debug|x86
		{4EC20CD7-4DBE-45CA-AED6-E62E086B3F2B}.Debug|x86.Build.0 = Debug|x86
		{4EC20CD7-4DBE-45CA-AED6-E62E086B3F2B}.Debug|x86.Deploy.0 = Debug|x86
		{4EC20CD7-4DBE-45CA-AED6-E62E086B3F2B}.Release|Any CPU.ActiveCfg = Release|x86
		{4EC20CD7-4DBE-45CA-AED6-E62E086B3F2B}.Release|ARM.ActiveCfg = Release|ARM
		{4EC20CD7-4DBE-45CA-AED6-E62E086B3F2B}.Release|ARM.Build.0 = Release|ARM
		{4EC20CD7-4DBE-45CA-AED6-E62E086B3F2B}.Release|ARM.Deploy.0 = Release|ARM
		{4EC20CD7-4DBE-45CA-AED6-E62E086B3F2B}.Release|x64.ActiveCfg = Release|x64
		{4EC20CD7-4DBE-45CA-AED6-E62E086B3F2B}.Release|x64.Build.0 = Release|x64
		{4EC20CD7-4DBE-45CA-AED6-E62E086B3F2B}.Release|x64.Deploy.0 = Release|x64
		{4EC20CD7-4DBE-45CA-AED6-E62E086B3F2B}.Release|x86.ActiveCfg = Release|x86
		{4EC20CD7-4DBE-45CA-AED6-E62E086B3F2B}.Release|x86.Build.0 = Release|x86
		{4EC20CD7-4DBE-45CA-AED6-E62E086B3F2B}.Release|x86.Deploy.0 = Release|x86
		{07A2CC83-319C-414A-B4CC-549347B12AAE}.Debug|Any CPU.ActiveCfg = Debug|Any CPU
		{07A2CC83-319C-414A-B4CC-549347B12AAE}.Debug|Any CPU.Build.0 = Debug|Any CPU
		{07A2CC83-319C-414A-B4CC-549347B12AAE}.Debug|ARM.ActiveCfg = Debug|Any CPU
		{07A2CC83-319C-414A-B4CC-549347B12AAE}.Debug|ARM.Build.0 = Debug|Any CPU
		{07A2CC83-319C-414A-B4CC-549347B12AAE}.Debug|x64.ActiveCfg = Debug|Any CPU
		{07A2CC83-319C-414A-B4CC-549347B12AAE}.Debug|x64.Build.0 = Debug|Any CPU
		{07A2CC83-319C-414A-B4CC-549347B12AAE}.Debug|x86.ActiveCfg = Debug|Any CPU
		{07A2CC83-319C-414A-B4CC-549347B12AAE}.Debug|x86.Build.0 = Debug|Any CPU
		{07A2CC83-319C-414A-B4CC-549347B12AAE}.Release|Any CPU.ActiveCfg = Release|Any CPU
		{07A2CC83-319C-414A-B4CC-549347B12AAE}.Release|Any CPU.Build.0 = Release|Any CPU
		{07A2CC83-319C-414A-B4CC-549347B12AAE}.Release|ARM.ActiveCfg = Release|Any CPU
		{07A2CC83-319C-414A-B4CC-549347B12AAE}.Release|ARM.Build.0 = Release|Any CPU
		{07A2CC83-319C-414A-B4CC-549347B12AAE}.Release|x64.ActiveCfg = Release|Any CPU
		{07A2CC83-319C-414A-B4CC-549347B12AAE}.Release|x64.Build.0 = Release|Any CPU
		{07A2CC83-319C-414A-B4CC-549347B12AAE}.Release|x86.ActiveCfg = Release|Any CPU
		{07A2CC83-319C-414A-B4CC-549347B12AAE}.Release|x86.Build.0 = Release|Any CPU
		{AAE7D97B-8EBD-45AF-B846-87F2B3807545}.Debug|Any CPU.ActiveCfg = Debug|Any CPU
		{AAE7D97B-8EBD-45AF-B846-87F2B3807545}.Debug|Any CPU.Build.0 = Debug|Any CPU
		{AAE7D97B-8EBD-45AF-B846-87F2B3807545}.Debug|ARM.ActiveCfg = Debug|Any CPU
		{AAE7D97B-8EBD-45AF-B846-87F2B3807545}.Debug|ARM.Build.0 = Debug|Any CPU
		{AAE7D97B-8EBD-45AF-B846-87F2B3807545}.Debug|x64.ActiveCfg = Debug|Any CPU
		{AAE7D97B-8EBD-45AF-B846-87F2B3807545}.Debug|x64.Build.0 = Debug|Any CPU
		{AAE7D97B-8EBD-45AF-B846-87F2B3807545}.Debug|x86.ActiveCfg = Debug|Any CPU
		{AAE7D97B-8EBD-45AF-B846-87F2B3807545}.Debug|x86.Build.0 = Debug|Any CPU
		{AAE7D97B-8EBD-45AF-B846-87F2B3807545}.Release|Any CPU.ActiveCfg = Release|Any CPU
		{AAE7D97B-8EBD-45AF-B846-87F2B3807545}.Release|Any CPU.Build.0 = Release|Any CPU
		{AAE7D97B-8EBD-45AF-B846-87F2B3807545}.Release|ARM.ActiveCfg = Release|Any CPU
		{AAE7D97B-8EBD-45AF-B846-87F2B3807545}.Release|ARM.Build.0 = Release|Any CPU
		{AAE7D97B-8EBD-45AF-B846-87F2B3807545}.Release|x64.ActiveCfg = Release|Any CPU
		{AAE7D97B-8EBD-45AF-B846-87F2B3807545}.Release|x64.Build.0 = Release|Any CPU
		{AAE7D97B-8EBD-45AF-B846-87F2B3807545}.Release|x86.ActiveCfg = Release|Any CPU
		{AAE7D97B-8EBD-45AF-B846-87F2B3807545}.Release|x86.Build.0 = Release|Any CPU
		{A71FF2AB-696A-4A77-8DF2-2034C38332EA}.Debug|Any CPU.ActiveCfg = Debug|Any CPU
		{A71FF2AB-696A-4A77-8DF2-2034C38332EA}.Debug|Any CPU.Build.0 = Debug|Any CPU
		{A71FF2AB-696A-4A77-8DF2-2034C38332EA}.Debug|ARM.ActiveCfg = Debug|Any CPU
		{A71FF2AB-696A-4A77-8DF2-2034C38332EA}.Debug|ARM.Build.0 = Debug|Any CPU
		{A71FF2AB-696A-4A77-8DF2-2034C38332EA}.Debug|x64.ActiveCfg = Debug|Any CPU
		{A71FF2AB-696A-4A77-8DF2-2034C38332EA}.Debug|x64.Build.0 = Debug|Any CPU
		{A71FF2AB-696A-4A77-8DF2-2034C38332EA}.Debug|x86.ActiveCfg = Debug|Any CPU
		{A71FF2AB-696A-4A77-8DF2-2034C38332EA}.Debug|x86.Build.0 = Debug|Any CPU
		{A71FF2AB-696A-4A77-8DF2-2034C38332EA}.Release|Any CPU.ActiveCfg = Release|Any CPU
		{A71FF2AB-696A-4A77-8DF2-2034C38332EA}.Release|Any CPU.Build.0 = Release|Any CPU
		{A71FF2AB-696A-4A77-8DF2-2034C38332EA}.Release|ARM.ActiveCfg = Release|Any CPU
		{A71FF2AB-696A-4A77-8DF2-2034C38332EA}.Release|ARM.Build.0 = Release|Any CPU
		{A71FF2AB-696A-4A77-8DF2-2034C38332EA}.Release|x64.ActiveCfg = Release|Any CPU
		{A71FF2AB-696A-4A77-8DF2-2034C38332EA}.Release|x64.Build.0 = Release|Any CPU
		{A71FF2AB-696A-4A77-8DF2-2034C38332EA}.Release|x86.ActiveCfg = Release|Any CPU
		{A71FF2AB-696A-4A77-8DF2-2034C38332EA}.Release|x86.Build.0 = Release|Any CPU
	EndGlobalSection
	GlobalSection(SolutionProperties) = preSolution
		HideSolutionNode = FALSE
	EndGlobalSection
	GlobalSection(NestedProjects) = preSolution
		{EA65D859-A668-46ED-B397-BB7958593723} = {044B71A6-2B77-4FCC-A65A-7A57217B9265}
		{C8CE6B0A-0682-40EB-B533-6A140AB25216} = {F4B74028-0E68-45CD-83D0-8D35466B5FA7}
		{1FEC705D-6FEE-4A4E-8716-6981920501E6} = {044B71A6-2B77-4FCC-A65A-7A57217B9265}
		{4EC20CD7-4DBE-45CA-AED6-E62E086B3F2B} = {E0B8C6C3-86A3-45A9-89B6-9732B29AADA0}
		{07A2CC83-319C-414A-B4CC-549347B12AAE} = {527901BA-FDA0-46C9-B36C-23623F53159B}
		{AAE7D97B-8EBD-45AF-B846-87F2B3807545} = {FC6B8AE4-B5DB-40D0-9321-2A44B3D39ED8}
		{F4B74028-0E68-45CD-83D0-8D35466B5FA7} = {044B71A6-2B77-4FCC-A65A-7A57217B9265}
		{A71FF2AB-696A-4A77-8DF2-2034C38332EA} = {044B71A6-2B77-4FCC-A65A-7A57217B9265}
	EndGlobalSection
	GlobalSection(ExtensibilityGlobals) = postSolution
		SolutionGuid = {2630BD78-E14B-459E-A161-F8156B0AA33E}
	EndGlobalSection
EndGlobal
