
Microsoft Visual Studio Solution File, Format Version 12.00
# Visual Studio 15
VisualStudioVersion = 15.0.28307.705
MinimumVisualStudioVersion = 10.0.40219.1
Project("{FAE04EC0-301F-11D3-BF4B-00C04F79EFBC}") = "ZolikyWeb", "ZolikyWeb\ZolikyWeb.csproj", "{EA65D859-A668-46ED-B397-BB7958593723}"
EndProject
Project("{2150E333-8FDC-42A3-9474-1A3956D46DE8}") = "Websites", "Websites", "{044B71A6-2B77-4FCC-A65A-7A57217B9265}"
EndProject
Global
	GlobalSection(SolutionConfigurationPlatforms) = preSolution
		Debug|Any CPU = Debug|Any CPU
		Release|Any CPU = Release|Any CPU
	EndGlobalSection
	GlobalSection(ProjectConfigurationPlatforms) = postSolution
		{EA65D859-A668-46ED-B397-BB7958593723}.Debug|Any CPU.ActiveCfg = Debug|Any CPU
		{EA65D859-A668-46ED-B397-BB7958593723}.Debug|Any CPU.Build.0 = Debug|Any CPU
		{EA65D859-A668-46ED-B397-BB7958593723}.Release|Any CPU.ActiveCfg = Release|Any CPU
		{EA65D859-A668-46ED-B397-BB7958593723}.Release|Any CPU.Build.0 = Release|Any CPU
	EndGlobalSection
	GlobalSection(SolutionProperties) = preSolution
		HideSolutionNode = FALSE
	EndGlobalSection
	GlobalSection(NestedProjects) = preSolution
		{EA65D859-A668-46ED-B397-BB7958593723} = {044B71A6-2B77-4FCC-A65A-7A57217B9265}
	EndGlobalSection
	GlobalSection(ExtensibilityGlobals) = postSolution
		SolutionGuid = {2630BD78-E14B-459E-A161-F8156B0AA33E}
	EndGlobalSection
EndGlobal
